schema: '2.0'
stages:
  prepare:
    cmd: python src/data/data_split.py
    deps:
    - path: data/raw
      hash: md5
      md5: 4a7aefaa6751c8a55195862552fc4869.dir
      size: 333839
      nfiles: 2
    - path: src/data/data_split.py
      hash: md5
      md5: 68a36ac30197ed1f97ef6b96d9842793
      size: 894
      isexec: true
    outs:
    - path: data/preprocessed_data/X_test.csv
      hash: md5
      md5: b2af62a7e108b077aec89fa2622996db
      size: 52624
    - path: data/preprocessed_data/X_train.csv
      hash: md5
      md5: 535251fa6c1a1d098cc7a36e0bd62f38
      size: 209468
    - path: data/preprocessed_data/y_test.csv
      hash: md5
      md5: a051d29629c8bbb4cfb7e85c7f0315da
      size: 6456
    - path: data/preprocessed_data/y_train.csv
      hash: md5
      md5: a9cd9d91da89f732843d72548f64ded3
      size: 25951
